
Microsoft Visual Studio Solution File, Format Version 12.00
# Visual Studio Version 17
VisualStudioVersion = 17.7.34221.43
MinimumVisualStudioVersion = 10.0.40219.1
Project("{FAE04EC0-301F-11D3-BF4B-00C04F79EFBC}") = "Hasher.Core", "Hasher.Core\Hasher.Core.csproj", "{10D1CAD1-3BEB-4C44-9A10-34F35E34E389}"
EndProject
Project("{FAE04EC0-301F-11D3-BF4B-00C04F79EFBC}") = "Hasher.WinformsApp", "Hasher.WinformsApp\Hasher.WinformsApp.csproj", "{7F76F791-58B5-407E-A100-4EEA1495F987}"
EndProject
Project("{FAE04EC0-301F-11D3-BF4B-00C04F79EFBC}") = "Hasher.CLI", "Hasher.CLI\Hasher.CLI.csproj", "{DD3BF281-AF74-4960-8324-B20745E9C9B9}"
EndProject
Global
	GlobalSection(SolutionConfigurationPlatforms) = preSolution
		Debug|Any CPU = Debug|Any CPU
		Release|Any CPU = Release|Any CPU
	EndGlobalSection
	GlobalSection(ProjectConfigurationPlatforms) = postSolution
		{10D1CAD1-3BEB-4C44-9A10-34F35E34E389}.Debug|Any CPU.ActiveCfg = Debug|Any CPU
		{10D1CAD1-3BEB-4C44-9A10-34F35E34E389}.Debug|Any CPU.Build.0 = Debug|Any CPU
		{10D1CAD1-3BEB-4C44-9A10-34F35E34E389}.Release|Any CPU.ActiveCfg = Release|Any CPU
		{10D1CAD1-3BEB-4C44-9A10-34F35E34E389}.Release|Any CPU.Build.0 = Release|Any CPU
		{7F76F791-58B5-407E-A100-4EEA1495F987}.Debug|Any CPU.ActiveCfg = Debug|Any CPU
		{7F76F791-58B5-407E-A100-4EEA1495F987}.Debug|Any CPU.Build.0 = Debug|Any CPU
		{7F76F791-58B5-407E-A100-4EEA1495F987}.Release|Any CPU.ActiveCfg = Release|Any CPU
		{7F76F791-58B5-407E-A100-4EEA1495F987}.Release|Any CPU.Build.0 = Release|Any CPU
		{DD3BF281-AF74-4960-8324-B20745E9C9B9}.Debug|Any CPU.ActiveCfg = Debug|Any CPU
		{DD3BF281-AF74-4960-8324-B20745E9C9B9}.Debug|Any CPU.Build.0 = Debug|Any CPU
		{DD3BF281-AF74-4960-8324-B20745E9C9B9}.Release|Any CPU.ActiveCfg = Release|Any CPU
		{DD3BF281-AF74-4960-8324-B20745E9C9B9}.Release|Any CPU.Build.0 = Release|Any CPU
	EndGlobalSection
	GlobalSection(SolutionProperties) = preSolution
		HideSolutionNode = FALSE
	EndGlobalSection
	GlobalSection(ExtensibilityGlobals) = postSolution
		SolutionGuid = {81BE9F24-27A8-4051-BC66-2961A4F42761}
	EndGlobalSection
EndGlobal
